
Microsoft Visual Studio Solution File, Format Version 12.00
# Visual Studio 14
VisualStudioVersion = 14.0.25123.0
MinimumVisualStudioVersion = 10.0.40219.1
Project("{FAE04EC0-301F-11D3-BF4B-00C04F79EFBC}") = "PlanPoker.Data", "PlanPoker.Data\PlanPoker.Data.csproj", "{78825F9D-1B45-465E-984E-0EE2EA90830E}"
EndProject
Project("{FAE04EC0-301F-11D3-BF4B-00C04F79EFBC}") = "PlanPoker.IRepository", "PlanPoker.IRepository\PlanPoker.IRepository.csproj", "{4658E489-9F5E-4B02-B19B-79A61BEC943D}"
EndProject
Project("{FAE04EC0-301F-11D3-BF4B-00C04F79EFBC}") = "PlanPoker.Repository", "PlanPoker.Repository\PlanPoker.Repository.csproj", "{F0722FDC-9B52-41B3-9E77-9A7759569D13}"
EndProject
Project("{FAE04EC0-301F-11D3-BF4B-00C04F79EFBC}") = "PlanPoker.ILogic", "PlanPoker.ILogic\PlanPoker.ILogic.csproj", "{3F6D79C0-443F-4CC7-98DE-93E7EDB02BC2}"
EndProject
Project("{FAE04EC0-301F-11D3-BF4B-00C04F79EFBC}") = "PlanPoker.Logic", "PlanPoker.Logic\PlanPoker.Logic.csproj", "{A1980BD1-6B7C-4AD3-896A-5D95490C5FFA}"
EndProject
Project("{FAE04EC0-301F-11D3-BF4B-00C04F79EFBC}") = "PlanPoker.WebAPI", "PlanPoker.WebAPI\PlanPoker.WebAPI.csproj", "{99149F77-EBE4-4106-917A-39E371DD4A2A}"
EndProject
Project("{FAE04EC0-301F-11D3-BF4B-00C04F79EFBC}") = "PlanPoker.Web", "PlanPoker.Web\PlanPoker.Web.csproj", "{CEC42F86-E267-407C-9F71-AA5B1B4D8C14}"
EndProject
Project("{2150E333-8FDC-42A3-9474-1A3956D46DE8}") = "Layout", "Layout", "{C53D5FBA-9D2D-43F2-AEF1-146A900E47B0}"
EndProject
Project("{2150E333-8FDC-42A3-9474-1A3956D46DE8}") = "Services", "Services", "{AD65E5FC-5F9A-4695-B644-DB3EF8CDE63E}"
EndProject
Project("{2150E333-8FDC-42A3-9474-1A3956D46DE8}") = "Data", "Data", "{1C9E1B34-B879-464F-988C-CFB533A66327}"
EndProject
Project("{2150E333-8FDC-42A3-9474-1A3956D46DE8}") = "Repository", "Repository", "{763A54BA-B16F-4634-9EC3-CE13593C7245}"
EndProject
Project("{2150E333-8FDC-42A3-9474-1A3956D46DE8}") = "Logic", "Logic", "{E37CE949-4C4B-4CE7-88F5-530090B851B7}"
EndProject
Project("{2150E333-8FDC-42A3-9474-1A3956D46DE8}") = "Web", "Web", "{1054413A-55F3-4771-A1B4-A5A782AAA070}"
EndProject
Project("{FAE04EC0-301F-11D3-BF4B-00C04F79EFBC}") = "PlanPoker.Common", "PlanPoker.Common\PlanPoker.Common.csproj", "{1E39CE20-7BF1-472F-BF83-79F7910A4A7A}"
EndProject
Project("{2150E333-8FDC-42A3-9474-1A3956D46DE8}") = "Common", "Common", "{E00B8A3B-8C69-4BE3-8574-FF39CE43D104}"
EndProject
Project("{FAE04EC0-301F-11D3-BF4B-00C04F79EFBC}") = "ShinetechDemo", "ShinetechDemo\ShinetechDemo.csproj", "{58B09566-C51B-47DB-A6A6-63B2A73AA55D}"
EndProject
Global
	GlobalSection(SolutionConfigurationPlatforms) = preSolution
		Debug|Any CPU = Debug|Any CPU
		Release|Any CPU = Release|Any CPU
	EndGlobalSection
	GlobalSection(ProjectConfigurationPlatforms) = postSolution
		{78825F9D-1B45-465E-984E-0EE2EA90830E}.Debug|Any CPU.ActiveCfg = Debug|Any CPU
		{78825F9D-1B45-465E-984E-0EE2EA90830E}.Debug|Any CPU.Build.0 = Debug|Any CPU
		{78825F9D-1B45-465E-984E-0EE2EA90830E}.Release|Any CPU.ActiveCfg = Release|Any CPU
		{78825F9D-1B45-465E-984E-0EE2EA90830E}.Release|Any CPU.Build.0 = Release|Any CPU
		{4658E489-9F5E-4B02-B19B-79A61BEC943D}.Debug|Any CPU.ActiveCfg = Debug|Any CPU
		{4658E489-9F5E-4B02-B19B-79A61BEC943D}.Debug|Any CPU.Build.0 = Debug|Any CPU
		{4658E489-9F5E-4B02-B19B-79A61BEC943D}.Release|Any CPU.ActiveCfg = Release|Any CPU
		{4658E489-9F5E-4B02-B19B-79A61BEC943D}.Release|Any CPU.Build.0 = Release|Any CPU
		{F0722FDC-9B52-41B3-9E77-9A7759569D13}.Debug|Any CPU.ActiveCfg = Debug|Any CPU
		{F0722FDC-9B52-41B3-9E77-9A7759569D13}.Debug|Any CPU.Build.0 = Debug|Any CPU
		{F0722FDC-9B52-41B3-9E77-9A7759569D13}.Release|Any CPU.ActiveCfg = Release|Any CPU
		{F0722FDC-9B52-41B3-9E77-9A7759569D13}.Release|Any CPU.Build.0 = Release|Any CPU
		{3F6D79C0-443F-4CC7-98DE-93E7EDB02BC2}.Debug|Any CPU.ActiveCfg = Debug|Any CPU
		{3F6D79C0-443F-4CC7-98DE-93E7EDB02BC2}.Debug|Any CPU.Build.0 = Debug|Any CPU
		{3F6D79C0-443F-4CC7-98DE-93E7EDB02BC2}.Release|Any CPU.ActiveCfg = Release|Any CPU
		{3F6D79C0-443F-4CC7-98DE-93E7EDB02BC2}.Release|Any CPU.Build.0 = Release|Any CPU
		{A1980BD1-6B7C-4AD3-896A-5D95490C5FFA}.Debug|Any CPU.ActiveCfg = Debug|Any CPU
		{A1980BD1-6B7C-4AD3-896A-5D95490C5FFA}.Debug|Any CPU.Build.0 = Debug|Any CPU
		{A1980BD1-6B7C-4AD3-896A-5D95490C5FFA}.Release|Any CPU.ActiveCfg = Release|Any CPU
		{A1980BD1-6B7C-4AD3-896A-5D95490C5FFA}.Release|Any CPU.Build.0 = Release|Any CPU
		{99149F77-EBE4-4106-917A-39E371DD4A2A}.Debug|Any CPU.ActiveCfg = Debug|Any CPU
		{99149F77-EBE4-4106-917A-39E371DD4A2A}.Debug|Any CPU.Build.0 = Debug|Any CPU
		{99149F77-EBE4-4106-917A-39E371DD4A2A}.Release|Any CPU.ActiveCfg = Release|Any CPU
		{99149F77-EBE4-4106-917A-39E371DD4A2A}.Release|Any CPU.Build.0 = Release|Any CPU
		{CEC42F86-E267-407C-9F71-AA5B1B4D8C14}.Debug|Any CPU.ActiveCfg = Debug|Any CPU
		{CEC42F86-E267-407C-9F71-AA5B1B4D8C14}.Debug|Any CPU.Build.0 = Debug|Any CPU
		{CEC42F86-E267-407C-9F71-AA5B1B4D8C14}.Release|Any CPU.ActiveCfg = Release|Any CPU
		{CEC42F86-E267-407C-9F71-AA5B1B4D8C14}.Release|Any CPU.Build.0 = Release|Any CPU
		{1E39CE20-7BF1-472F-BF83-79F7910A4A7A}.Debug|Any CPU.ActiveCfg = Debug|Any CPU
		{1E39CE20-7BF1-472F-BF83-79F7910A4A7A}.Debug|Any CPU.Build.0 = Debug|Any CPU
		{1E39CE20-7BF1-472F-BF83-79F7910A4A7A}.Release|Any CPU.ActiveCfg = Release|Any CPU
		{1E39CE20-7BF1-472F-BF83-79F7910A4A7A}.Release|Any CPU.Build.0 = Release|Any CPU
		{58B09566-C51B-47DB-A6A6-63B2A73AA55D}.Debug|Any CPU.ActiveCfg = Debug|Any CPU
		{58B09566-C51B-47DB-A6A6-63B2A73AA55D}.Debug|Any CPU.Build.0 = Debug|Any CPU
		{58B09566-C51B-47DB-A6A6-63B2A73AA55D}.Release|Any CPU.ActiveCfg = Release|Any CPU
		{58B09566-C51B-47DB-A6A6-63B2A73AA55D}.Release|Any CPU.Build.0 = Release|Any CPU
	EndGlobalSection
	GlobalSection(SolutionProperties) = preSolution
		HideSolutionNode = FALSE
	EndGlobalSection
	GlobalSection(NestedProjects) = preSolution
		{78825F9D-1B45-465E-984E-0EE2EA90830E} = {1C9E1B34-B879-464F-988C-CFB533A66327}
		{4658E489-9F5E-4B02-B19B-79A61BEC943D} = {763A54BA-B16F-4634-9EC3-CE13593C7245}
		{F0722FDC-9B52-41B3-9E77-9A7759569D13} = {763A54BA-B16F-4634-9EC3-CE13593C7245}
		{3F6D79C0-443F-4CC7-98DE-93E7EDB02BC2} = {E37CE949-4C4B-4CE7-88F5-530090B851B7}
		{A1980BD1-6B7C-4AD3-896A-5D95490C5FFA} = {E37CE949-4C4B-4CE7-88F5-530090B851B7}
		{99149F77-EBE4-4106-917A-39E371DD4A2A} = {1054413A-55F3-4771-A1B4-A5A782AAA070}
		{CEC42F86-E267-407C-9F71-AA5B1B4D8C14} = {C53D5FBA-9D2D-43F2-AEF1-146A900E47B0}
		{1C9E1B34-B879-464F-988C-CFB533A66327} = {AD65E5FC-5F9A-4695-B644-DB3EF8CDE63E}
		{763A54BA-B16F-4634-9EC3-CE13593C7245} = {AD65E5FC-5F9A-4695-B644-DB3EF8CDE63E}
		{E37CE949-4C4B-4CE7-88F5-530090B851B7} = {AD65E5FC-5F9A-4695-B644-DB3EF8CDE63E}
		{1054413A-55F3-4771-A1B4-A5A782AAA070} = {AD65E5FC-5F9A-4695-B644-DB3EF8CDE63E}
		{1E39CE20-7BF1-472F-BF83-79F7910A4A7A} = {E00B8A3B-8C69-4BE3-8574-FF39CE43D104}
		{E00B8A3B-8C69-4BE3-8574-FF39CE43D104} = {AD65E5FC-5F9A-4695-B644-DB3EF8CDE63E}
		{58B09566-C51B-47DB-A6A6-63B2A73AA55D} = {C53D5FBA-9D2D-43F2-AEF1-146A900E47B0}
	EndGlobalSection
EndGlobal
